brew "awscli"
brew "cloudflared"
brew "colima"
brew "ddcctl"
brew "docker"
brew "docker-compose"
brew "ffmpeg"
brew "fzf"
brew "gh"
brew "lua"
brew "luarocks"
brew "m1ddc"
brew "mise"
brew "neovim"
brew "node", link: false
brew "node@24", link: true
brew "ripgrep"
brew "stow"
brew "tmux"
brew "uv"
brew "whisper.cpp"
cask "1password"
cask "1password-cli"
cask "alfred"
cask "aqua-voice"
cask "chatgpt"
cask "cleanshot"
cask "cmux"
cask "cursor"
cask "discord"
cask "fluidvoice"
cask "ghostty"
cask "google-chrome"
cask "granola"
cask "hammerspoon"
cask "handy"
cask "wireshark-app"
uv "browser-use"
npm "@earendil-works/pi-coding-agent"
npm "hunkdiff"
npm "pnpm"
npm "timeback"
